
Microsoft Visual Studio Solution File, Format Version 12.00
# Visual Studio Version 17
VisualStudioVersion = 17.5.002.0
MinimumVisualStudioVersion = 10.0.40219.1
Project("{9A19103F-16F7-4668-BE54-9A1E7A4F7556}") = "Fretworks", "Fretworks.csproj", "{076DDF07-241B-404F-B2CC-FD0FAB50D595}"
EndProject
Global
	GlobalSection(SolutionConfigurationPlatforms) = preSolution
		Debug|Any CPU = Debug|Any CPU
		Release|Any CPU = Release|Any CPU
	EndGlobalSection
	GlobalSection(ProjectConfigurationPlatforms) = postSolution
		{076DDF07-241B-404F-B2CC-FD0FAB50D595}.Debug|Any CPU.ActiveCfg = Debug|Any CPU
		{076DDF07-241B-404F-B2CC-FD0FAB50D595}.Debug|Any CPU.Build.0 = Debug|Any CPU
		{076DDF07-241B-404F-B2CC-FD0FAB50D595}.Release|Any CPU.ActiveCfg = Release|Any CPU
		{076DDF07-241B-404F-B2CC-FD0FAB50D595}.Release|Any CPU.Build.0 = Release|Any CPU
	EndGlobalSection
	GlobalSection(SolutionProperties) = preSolution
		HideSolutionNode = FALSE
	EndGlobalSection
	GlobalSection(ExtensibilityGlobals) = postSolution
		SolutionGuid = {692CB169-7A9F-4476-9ACD-32242B98E818}
	EndGlobalSection
EndGlobal
